<?xml version="1.0" encoding="utf-8"?>
<Project ToolsVersion="4.0" xmlns="http://schemas.microsoft.com/developer/msbuild/2003">
  <ItemGroup>
    <Filter Include="Project Files">
      <UniqueIdentifier>{faab939a-479f-4ac6-a49b-f09849af92cf}</UniqueIdentifier>
    </Filter>
    <Filter Include="Project Files\SDK">
      <UniqueIdentifier>{fbc9551c-96a0-43a0-8da5-9c49aee21810}</UniqueIdentifier>
    </Filter>
    <Filter Include="Project Files\Main">
      <UniqueIdentifier>{5d93cc6a-f502-4467-8805-20996667849d}</UniqueIdentifier>
    </Filter>
    <Filter Include="Project Files\Hooks">
      <UniqueIdentifier>{55e019a4-1e76-452f-8616-b54862f5733c}</UniqueIdentifier>
    </Filter>
    <Filter Include="Project Files\Hooks\PaintTraverse">
      <UniqueIdentifier>{b929bea5-7a7b-4857-a0b3-7d4161b2382d}</UniqueIdentifier>
    </Filter>
    <Filter Include="Project Files\Interfaces">
      <UniqueIdentifier>{e2dd1540-5714-4178-b50f-4f1686272104}</UniqueIdentifier>
    </Filter>
    <Filter Include="Project Files\VFT">
      <UniqueIdentifier>{163c95f8-d8ea-4cfc-89ff-22e6b2e3be4d}</UniqueIdentifier>
    </Filter>
    <Filter Include="Project Files\Drawing">
      <UniqueIdentifier>{355458a4-b029-403a-8083-01acfc696e7f}</UniqueIdentifier>
    </Filter>
    <Filter Include="Project Files\Features">
      <UniqueIdentifier>{9d8aedab-52c9-41a6-bcd4-76a4da536c5b}</UniqueIdentifier>
    </Filter>
    <Filter Include="Project Files\Vector">
      <UniqueIdentifier>{8825a124-88f8-491e-bfa8-3f2773f17b80}</UniqueIdentifier>
    </Filter>
    <Filter Include="Project Files\Menu">
      <UniqueIdentifier>{43ef8e04-252f-4ac3-a361-125d487c98a4}</UniqueIdentifier>
    </Filter>
    <Filter Include="Project Files\Control Variables">
      <UniqueIdentifier>{b5ddd6d5-e796-49b0-a79f-d847b5f83a3a}</UniqueIdentifier>
    </Filter>
    <Filter Include="Project Files\Encryption">
      <UniqueIdentifier>{a964d8d7-a2b7-4210-bd31-0bd5700284b1}</UniqueIdentifier>
    </Filter>
    <Filter Include="Project Files\Hooks\CreateMove">
      <UniqueIdentifier>{f688a0f0-516d-4396-82c4-618261ed854d}</UniqueIdentifier>
    </Filter>
    <Filter Include="Project Files\Features\Miscellaneous">
      <UniqueIdentifier>{2082e8fd-7f59-4e92-9e86-5f890719f8e3}</UniqueIdentifier>
    </Filter>
    <Filter Include="Project Files\Features\Visuals">
      <UniqueIdentifier>{affbfb51-3981-4843-8419-753757fa2d6b}</UniqueIdentifier>
    </Filter>
    <Filter Include="Project Files\Features\Aimbot">
      <UniqueIdentifier>{ed9a6ba4-205f-408e-95cb-3dcdbe96538b}</UniqueIdentifier>
    </Filter>
  </ItemGroup>
  <ItemGroup>
    <ClCompile Include="SDK.cpp">
      <Filter>Project Files\SDK</Filter>
    </ClCompile>
    <ClCompile Include="DLLMain.cpp">
      <Filter>Project Files\Main</Filter>
    </ClCompile>
    <ClCompile Include="Interfaces.cpp">
      <Filter>Project Files\Interfaces</Filter>
    </ClCompile>
    <ClCompile Include="PaintTraverse.cpp">
      <Filter>Project Files\Hooks\PaintTraverse</Filter>
    </ClCompile>
    <ClCompile Include="Hooks.cpp">
      <Filter>Project Files\Hooks</Filter>
    </ClCompile>
    <ClCompile Include="Drawing.cpp">
      <Filter>Project Files\Drawing</Filter>
    </ClCompile>
    <ClCompile Include="Control Variables.cpp">
      <Filter>Project Files\Control Variables</Filter>
    </ClCompile>
    <ClCompile Include="Menu.cpp">
      <Filter>Project Files\Menu</Filter>
    </ClCompile>
    <ClCompile Include="checksum_crc.cpp">
      <Filter>Project Files\SDK</Filter>
    </ClCompile>
    <ClCompile Include="CreateMove.cpp">
      <Filter>Project Files\Hooks\CreateMove</Filter>
    </ClCompile>
    <ClCompile Include="Visuals.cpp">
      <Filter>Project Files\Features\Visuals</Filter>
    </ClCompile>
    <ClCompile Include="Miscellaneous.cpp">
      <Filter>Project Files\Features\Miscellaneous</Filter>
    </ClCompile>
    <ClCompile Include="Aimbot.cpp">
      <Filter>Project Files\Features\Aimbot</Filter>
    </ClCompile>
  </ItemGroup>
  <ItemGroup>
    <ClInclude Include="SDK.h">
      <Filter>Project Files\SDK</Filter>
    </ClInclude>
    <ClInclude Include="Interfaces.h">
      <Filter>Project Files\Interfaces</Filter>
    </ClInclude>
    <ClInclude Include="PaintTraverse.h">
      <Filter>Project Files\Hooks\PaintTraverse</Filter>
    </ClInclude>
    <ClInclude Include="Hooks.h">
      <Filter>Project Files\Hooks</Filter>
    </ClInclude>
    <ClInclude Include="VFTManager.h">
      <Filter>Project Files\VFT</Filter>
    </ClInclude>
    <ClInclude Include="cx_strenc.h">
      <Filter>Project Files\Encryption</Filter>
    </ClInclude>
    <ClInclude Include="cx_fnv1.h">
      <Filter>Project Files\Encryption</Filter>
    </ClInclude>
    <ClInclude Include="cx_pcg32.h">
      <Filter>Project Files\Encryption</Filter>
    </ClInclude>
    <ClInclude Include="Color.h">
      <Filter>Project Files\Drawing</Filter>
    </ClInclude>
    <ClInclude Include="Drawing.h">
      <Filter>Project Files\Drawing</Filter>
    </ClInclude>
    <ClInclude Include="Control Variables.h">
      <Filter>Project Files\Control Variables</Filter>
    </ClInclude>
    <ClInclude Include="Menu.h">
      <Filter>Project Files\Menu</Filter>
    </ClInclude>
    <ClInclude Include="SDKDefinitions.h">
      <Filter>Project Files\SDK</Filter>
    </ClInclude>
    <ClInclude Include="dt_common.h">
      <Filter>Project Files\SDK</Filter>
    </ClInclude>
    <ClInclude Include="dt_recv.h">
      <Filter>Project Files\SDK</Filter>
    </ClInclude>
    <ClInclude Include="Vector.h">
      <Filter>Project Files\Vector</Filter>
    </ClInclude>
    <ClInclude Include="checksum_crc.h">
      <Filter>Project Files\SDK</Filter>
    </ClInclude>
    <ClInclude Include="CreateMove.h">
      <Filter>Project Files\Hooks\CreateMove</Filter>
    </ClInclude>
    <ClInclude Include="Miscellaneous.h">
      <Filter>Project Files\Features\Miscellaneous</Filter>
    </ClInclude>
    <ClInclude Include="stdafx.h">
      <Filter>Project Files\Main</Filter>
    </ClInclude>
    <ClInclude Include="Visuals.h">
      <Filter>Project Files\Features\Visuals</Filter>
    </ClInclude>
    <ClInclude Include="Aimbot.h">
      <Filter>Project Files\Features\Aimbot</Filter>
    </ClInclude>
  </ItemGroup>
</Project>